
Microsoft Visual Studio Solution File, Format Version 12.00
# Visual Studio Version 17
VisualStudioVersion = 17.7.34003.232
MinimumVisualStudioVersion = 10.0.40219.1
Project("{9A19103F-16F7-4668-BE54-9A1E7A4F7556}") = "Payment.App", "Payment.App\Payment.App.csproj", "{7D1D130A-6E18-45E5-81FD-CF754A56C394}"
EndProject
Global
	GlobalSection(SolutionConfigurationPlatforms) = preSolution
		Debug|Any CPU = Debug|Any CPU
		Release|Any CPU = Release|Any CPU
	EndGlobalSection
	GlobalSection(ProjectConfigurationPlatforms) = postSolution
		{7D1D130A-6E18-45E5-81FD-CF754A56C394}.Debug|Any CPU.ActiveCfg = Debug|Any CPU
		{7D1D130A-6E18-45E5-81FD-CF754A56C394}.Debug|Any CPU.Build.0 = Debug|Any CPU
		{7D1D130A-6E18-45E5-81FD-CF754A56C394}.Release|Any CPU.ActiveCfg = Release|Any CPU
		{7D1D130A-6E18-45E5-81FD-CF754A56C394}.Release|Any CPU.Build.0 = Release|Any CPU
	EndGlobalSection
	GlobalSection(SolutionProperties) = preSolution
		HideSolutionNode = FALSE
	EndGlobalSection
	GlobalSection(ExtensibilityGlobals) = postSolution
		SolutionGuid = {CE2F5B10-F528-4571-9D70-568A67FD6121}
	EndGlobalSection
EndGlobal
